
Microsoft Visual Studio Solution File, Format Version 12.00
# Visual Studio Version 17
VisualStudioVersion = 17.12.35514.174
MinimumVisualStudioVersion = 10.0.40219.1
Project("{FAE04EC0-301F-11D3-BF4B-00C04F79EFBC}") = "Ejemplo1", "Ejemplo1\Ejemplo1.csproj", "{C801712E-EAEA-41E3-8042-F641569A5021}"
EndProject
Project("{FAE04EC0-301F-11D3-BF4B-00C04F79EFBC}") = "Ejemplo2", "Ejemplo2\Ejemplo2.csproj", "{5180C605-4F6B-49BB-A441-31785AF5106B}"
EndProject
Global
	GlobalSection(SolutionConfigurationPlatforms) = preSolution
		Debug|Any CPU = Debug|Any CPU
		Release|Any CPU = Release|Any CPU
	EndGlobalSection
	GlobalSection(ProjectConfigurationPlatforms) = postSolution
		{C801712E-EAEA-41E3-8042-F641569A5021}.Debug|Any CPU.ActiveCfg = Debug|Any CPU
		{C801712E-EAEA-41E3-8042-F641569A5021}.Debug|Any CPU.Build.0 = Debug|Any CPU
		{C801712E-EAEA-41E3-8042-F641569A5021}.Release|Any CPU.ActiveCfg = Release|Any CPU
		{C801712E-EAEA-41E3-8042-F641569A5021}.Release|Any CPU.Build.0 = Release|Any CPU
		{5180C605-4F6B-49BB-A441-31785AF5106B}.Debug|Any CPU.ActiveCfg = Debug|Any CPU
		{5180C605-4F6B-49BB-A441-31785AF5106B}.Debug|Any CPU.Build.0 = Debug|Any CPU
		{5180C605-4F6B-49BB-A441-31785AF5106B}.Release|Any CPU.ActiveCfg = Release|Any CPU
		{5180C605-4F6B-49BB-A441-31785AF5106B}.Release|Any CPU.Build.0 = Release|Any CPU
	EndGlobalSection
	GlobalSection(SolutionProperties) = preSolution
		HideSolutionNode = FALSE
	EndGlobalSection
EndGlobal
